
Microsoft Visual Studio Solution File, Format Version 12.00
# Visual Studio Version 16
VisualStudioVersion = 16.0.30804.86
MinimumVisualStudioVersion = 10.0.40219.1
Project("{FAE04EC0-301F-11D3-BF4B-00C04F79EFBC}") = "BankingConverter", "BankingConverter\BankingConverter.csproj", "{287A18E5-2EDA-4E09-868A-B1089A577F60}"
EndProject
Global
	GlobalSection(SolutionConfigurationPlatforms) = preSolution
		Debug|Any CPU = Debug|Any CPU
		Release|Any CPU = Release|Any CPU
	EndGlobalSection
	GlobalSection(ProjectConfigurationPlatforms) = postSolution
		{287A18E5-2EDA-4E09-868A-B1089A577F60}.Debug|Any CPU.ActiveCfg = Debug|Any CPU
		{287A18E5-2EDA-4E09-868A-B1089A577F60}.Debug|Any CPU.Build.0 = Debug|Any CPU
		{287A18E5-2EDA-4E09-868A-B1089A577F60}.Release|Any CPU.ActiveCfg = Release|Any CPU
		{287A18E5-2EDA-4E09-868A-B1089A577F60}.Release|Any CPU.Build.0 = Release|Any CPU
	EndGlobalSection
	GlobalSection(SolutionProperties) = preSolution
		HideSolutionNode = FALSE
	EndGlobalSection
	GlobalSection(ExtensibilityGlobals) = postSolution
		SolutionGuid = {D6EA6B40-687D-493C-8E00-34C8B3780066}
	EndGlobalSection
EndGlobal
